
Microsoft Visual Studio Solution File, Format Version 12.00
# Visual Studio 14
VisualStudioVersion = 14.0.25420.1
MinimumVisualStudioVersion = 10.0.40219.1
Project("{FAE04EC0-301F-11D3-BF4B-00C04F79EFBC}") = "DataStructures", "DataStructures\DataStructures.csproj", "{1476C59C-73BE-48B1-9AA8-2F570A2E3E98}"
EndProject
Project("{FAE04EC0-301F-11D3-BF4B-00C04F79EFBC}") = "DelegatesLambdaExample", "DelegatesExample\DelegatesLambdaExample.csproj", "{264F3173-5399-4C82-B70F-24B99C126227}"
EndProject
Project("{FAE04EC0-301F-11D3-BF4B-00C04F79EFBC}") = "EventsExamples", "EventsExamples\EventsExamples.csproj", "{2E0789FA-B5CF-476E-AAD5-756538892C4C}"
EndProject
Project("{8BB2217D-0F2D-49D1-97BC-3654ED321F3B}") = "General", "General\General.xproj", "{C278A72B-7422-47D4-BAE6-3698E5B3BAF4}"
EndProject
Project("{FAE04EC0-301F-11D3-BF4B-00C04F79EFBC}") = "OOP", "OOP\OOP.csproj", "{BE7AF00F-ABAE-401F-A0C2-3973831A56D4}"
EndProject
Project("{FAE04EC0-301F-11D3-BF4B-00C04F79EFBC}") = "AlgortGeneral", "AlgortGeneral\AlgortGeneral.csproj", "{9AB3BE17-3C8C-48FA-86A8-0DC7DB5737CD}"
EndProject
Project("{FAE04EC0-301F-11D3-BF4B-00C04F79EFBC}") = "AsyncAwait", "AsyncAwait\AsyncAwait.csproj", "{C2E3D3EC-4584-480B-A143-60DA43FEA934}"
EndProject
Project("{FAE04EC0-301F-11D3-BF4B-00C04F79EFBC}") = "EventExample2", "EventExample2\EventExample2.csproj", "{B75C75C4-3DBC-47BB-B405-CD0DFA2098F2}"
EndProject
Project("{FAE04EC0-301F-11D3-BF4B-00C04F79EFBC}") = "StringsNumberExamples", "StringsExamples\StringsNumberExamples.csproj", "{F31ECC70-61E0-45FD-8E7D-493F620D9306}"
EndProject
Global
	GlobalSection(SolutionConfigurationPlatforms) = preSolution
		Debug|Any CPU = Debug|Any CPU
		Release|Any CPU = Release|Any CPU
	EndGlobalSection
	GlobalSection(ProjectConfigurationPlatforms) = postSolution
		{1476C59C-73BE-48B1-9AA8-2F570A2E3E98}.Debug|Any CPU.ActiveCfg = Debug|Any CPU
		{1476C59C-73BE-48B1-9AA8-2F570A2E3E98}.Debug|Any CPU.Build.0 = Debug|Any CPU
		{1476C59C-73BE-48B1-9AA8-2F570A2E3E98}.Release|Any CPU.ActiveCfg = Release|Any CPU
		{1476C59C-73BE-48B1-9AA8-2F570A2E3E98}.Release|Any CPU.Build.0 = Release|Any CPU
		{264F3173-5399-4C82-B70F-24B99C126227}.Debug|Any CPU.ActiveCfg = Debug|Any CPU
		{264F3173-5399-4C82-B70F-24B99C126227}.Debug|Any CPU.Build.0 = Debug|Any CPU
		{264F3173-5399-4C82-B70F-24B99C126227}.Release|Any CPU.ActiveCfg = Release|Any CPU
		{264F3173-5399-4C82-B70F-24B99C126227}.Release|Any CPU.Build.0 = Release|Any CPU
		{2E0789FA-B5CF-476E-AAD5-756538892C4C}.Debug|Any CPU.ActiveCfg = Debug|Any CPU
		{2E0789FA-B5CF-476E-AAD5-756538892C4C}.Debug|Any CPU.Build.0 = Debug|Any CPU
		{2E0789FA-B5CF-476E-AAD5-756538892C4C}.Release|Any CPU.ActiveCfg = Release|Any CPU
		{2E0789FA-B5CF-476E-AAD5-756538892C4C}.Release|Any CPU.Build.0 = Release|Any CPU
		{C278A72B-7422-47D4-BAE6-3698E5B3BAF4}.Debug|Any CPU.ActiveCfg = Debug|Any CPU
		{C278A72B-7422-47D4-BAE6-3698E5B3BAF4}.Debug|Any CPU.Build.0 = Debug|Any CPU
		{C278A72B-7422-47D4-BAE6-3698E5B3BAF4}.Release|Any CPU.ActiveCfg = Release|Any CPU
		{C278A72B-7422-47D4-BAE6-3698E5B3BAF4}.Release|Any CPU.Build.0 = Release|Any CPU
		{BE7AF00F-ABAE-401F-A0C2-3973831A56D4}.Debug|Any CPU.ActiveCfg = Debug|Any CPU
		{BE7AF00F-ABAE-401F-A0C2-3973831A56D4}.Debug|Any CPU.Build.0 = Debug|Any CPU
		{BE7AF00F-ABAE-401F-A0C2-3973831A56D4}.Release|Any CPU.ActiveCfg = Release|Any CPU
		{BE7AF00F-ABAE-401F-A0C2-3973831A56D4}.Release|Any CPU.Build.0 = Release|Any CPU
		{9AB3BE17-3C8C-48FA-86A8-0DC7DB5737CD}.Debug|Any CPU.ActiveCfg = Debug|Any CPU
		{9AB3BE17-3C8C-48FA-86A8-0DC7DB5737CD}.Debug|Any CPU.Build.0 = Debug|Any CPU
		{9AB3BE17-3C8C-48FA-86A8-0DC7DB5737CD}.Release|Any CPU.ActiveCfg = Release|Any CPU
		{9AB3BE17-3C8C-48FA-86A8-0DC7DB5737CD}.Release|Any CPU.Build.0 = Release|Any CPU
		{C2E3D3EC-4584-480B-A143-60DA43FEA934}.Debug|Any CPU.ActiveCfg = Debug|Any CPU
		{C2E3D3EC-4584-480B-A143-60DA43FEA934}.Debug|Any CPU.Build.0 = Debug|Any CPU
		{C2E3D3EC-4584-480B-A143-60DA43FEA934}.Release|Any CPU.ActiveCfg = Release|Any CPU
		{C2E3D3EC-4584-480B-A143-60DA43FEA934}.Release|Any CPU.Build.0 = Release|Any CPU
		{B75C75C4-3DBC-47BB-B405-CD0DFA2098F2}.Debug|Any CPU.ActiveCfg = Debug|Any CPU
		{B75C75C4-3DBC-47BB-B405-CD0DFA2098F2}.Debug|Any CPU.Build.0 = Debug|Any CPU
		{B75C75C4-3DBC-47BB-B405-CD0DFA2098F2}.Release|Any CPU.ActiveCfg = Release|Any CPU
		{B75C75C4-3DBC-47BB-B405-CD0DFA2098F2}.Release|Any CPU.Build.0 = Release|Any CPU
		{F31ECC70-61E0-45FD-8E7D-493F620D9306}.Debug|Any CPU.ActiveCfg = Debug|Any CPU
		{F31ECC70-61E0-45FD-8E7D-493F620D9306}.Debug|Any CPU.Build.0 = Debug|Any CPU
		{F31ECC70-61E0-45FD-8E7D-493F620D9306}.Release|Any CPU.ActiveCfg = Release|Any CPU
		{F31ECC70-61E0-45FD-8E7D-493F620D9306}.Release|Any CPU.Build.0 = Release|Any CPU
	EndGlobalSection
	GlobalSection(SolutionProperties) = preSolution
		HideSolutionNode = FALSE
	EndGlobalSection
EndGlobal
